
Microsoft Visual Studio Solution File, Format Version 12.00
# Visual Studio Version 17
VisualStudioVersion = 17.4.33122.133
MinimumVisualStudioVersion = 10.0.40219.1
Project("{FAE04EC0-301F-11D3-BF4B-00C04F79EFBC}") = "ExamWPF(by NN)", "ExamWPF(by NN).csproj", "{6E82A544-A803-4554-BA33-7A149ED41766}"
EndProject
Global
	GlobalSection(SolutionConfigurationPlatforms) = preSolution
		Debug|Any CPU = Debug|Any CPU
		Release|Any CPU = Release|Any CPU
	EndGlobalSection
	GlobalSection(ProjectConfigurationPlatforms) = postSolution
		{6E82A544-A803-4554-BA33-7A149ED41766}.Debug|Any CPU.ActiveCfg = Debug|Any CPU
		{6E82A544-A803-4554-BA33-7A149ED41766}.Debug|Any CPU.Build.0 = Debug|Any CPU
		{6E82A544-A803-4554-BA33-7A149ED41766}.Release|Any CPU.ActiveCfg = Release|Any CPU
		{6E82A544-A803-4554-BA33-7A149ED41766}.Release|Any CPU.Build.0 = Release|Any CPU
	EndGlobalSection
	GlobalSection(SolutionProperties) = preSolution
		HideSolutionNode = FALSE
	EndGlobalSection
	GlobalSection(ExtensibilityGlobals) = postSolution
		SolutionGuid = {75713D49-2C1F-4B36-8454-695FF3CF8133}
	EndGlobalSection
EndGlobal
